
Microsoft Visual Studio Solution File, Format Version 12.00
# Visual Studio Version 17
VisualStudioVersion = 17.6.33829.357
MinimumVisualStudioVersion = 10.0.40219.1
Project("{FAE04EC0-301F-11D3-BF4B-00C04F79EFBC}") = "esercizio1", "esercizio1\esercizio1.csproj", "{06AC89D3-DAC8-4682-A15B-6357C7B05C4B}"
EndProject
Project("{FAE04EC0-301F-11D3-BF4B-00C04F79EFBC}") = "DbOrdini", "DbOrdini\DbOrdini.csproj", "{E37D1803-F26E-4D71-B6D5-77E41B12ACCF}"
EndProject
Global
	GlobalSection(SolutionConfigurationPlatforms) = preSolution
		Debug|Any CPU = Debug|Any CPU
		Release|Any CPU = Release|Any CPU
	EndGlobalSection
	GlobalSection(ProjectConfigurationPlatforms) = postSolution
		{06AC89D3-DAC8-4682-A15B-6357C7B05C4B}.Debug|Any CPU.ActiveCfg = Debug|Any CPU
		{06AC89D3-DAC8-4682-A15B-6357C7B05C4B}.Debug|Any CPU.Build.0 = Debug|Any CPU
		{06AC89D3-DAC8-4682-A15B-6357C7B05C4B}.Release|Any CPU.ActiveCfg = Release|Any CPU
		{06AC89D3-DAC8-4682-A15B-6357C7B05C4B}.Release|Any CPU.Build.0 = Release|Any CPU
		{E37D1803-F26E-4D71-B6D5-77E41B12ACCF}.Debug|Any CPU.ActiveCfg = Debug|Any CPU
		{E37D1803-F26E-4D71-B6D5-77E41B12ACCF}.Debug|Any CPU.Build.0 = Debug|Any CPU
		{E37D1803-F26E-4D71-B6D5-77E41B12ACCF}.Release|Any CPU.ActiveCfg = Release|Any CPU
		{E37D1803-F26E-4D71-B6D5-77E41B12ACCF}.Release|Any CPU.Build.0 = Release|Any CPU
	EndGlobalSection
	GlobalSection(SolutionProperties) = preSolution
		HideSolutionNode = FALSE
	EndGlobalSection
	GlobalSection(ExtensibilityGlobals) = postSolution
		SolutionGuid = {544F70D8-9309-4111-A764-CD1F37723DF6}
	EndGlobalSection
EndGlobal
